{
  "version": 4,
  "terraform_version": "1.5.1",
  "serial": 18,
  "lineage": "9829156c-8576-37ad-83ea-f7d6f78a6714",
  "outputs": {
    "aws_ec2_info": {
      "value": 5,
      "type": "number"
    },
    "best_learner": {
      "value": "someone",
      "type": "string"
    },
    "no_of_students": {
      "value": "60",
      "type": "string"
    }
  },
  "resources": [
    {
      "mode": "managed",
      "type": "local_file",
      "name": "devops",
      "provider": "provider[\"registry.terraform.io/hashicorp/local\"]",
      "instances": [
        {
          "schema_version": 0,
          "attributes": {
            "content": "This is a cool content1",
            "content_base64": null,
            "content_base64sha256": "dK33yjSBtuDBHW/m1coUtE2TjtsDfyQk0oqyZbYfQUA=",
            "content_base64sha512": "F3VSS+Ql36Xnh8vcBjtZBIKB/YbocVQ/fXE1lIoSfsnAnmMEE1o/mRGn3r7XNx6Y64j0XonHcWGOBC2W/Ufwmw==",
            "content_md5": "bbddddfe0edcc92318288e5f7bb1808f",
            "content_sha1": "1b9f74991b1b812f1fe22386936fc4ed2ec11fbf",
            "content_sha256": "74adf7ca3481b6e0c11d6fe6d5ca14b44d938edb037f2424d28ab265b61f4140",
            "content_sha512": "1775524be425dfa5e787cbdc063b59048281fd86e871543f7d7135948a127ec9c09e6304135a3f9911a7debed7371e98eb88f45e89c771618e042d96fd47f09b",
            "directory_permission": "0777",
            "file_permission": "0777",
            "filename": "/home/subha/Desktop/AWS\u0026DEV/terraform/terraform-day2/terraform-variables/devops_test.txt",
            "id": "1b9f74991b1b812f1fe22386936fc4ed2ec11fbf",
            "sensitive_content": null,
            "source": null
          },
          "sensitive_attributes": []
        }
      ]
    },
    {
      "mode": "managed",
      "type": "local_file",
      "name": "devops-var",
      "provider": "provider[\"registry.terraform.io/hashicorp/local\"]",
      "instances": [
        {
          "schema_version": 0,
          "attributes": {
            "content": "This is a cooler content",
            "content_base64": null,
            "content_base64sha256": "sdtNY2GyvE5NzvMaSxZ0L6qzgU8/8426iB2Rxyl3cSY=",
            "content_base64sha512": "6MWQHrEm9eL1UwdivHEDOg0kLQUxHV8zCxc9SloFlmZD5wu52vJsJKNNfzO/zLGnIJXo8t5unwCOlf0MpdbSjA==",
            "content_md5": "b82fc68539eb339954df3684e2f1f3c7",
            "content_sha1": "2183290655a350f86091f1b0cc0a1b8f30caf3ea",
            "content_sha256": "b1db4d6361b2bc4e4dcef31a4b16742faab3814f3ff38dba881d91c729777126",
            "content_sha512": "e8c5901eb126f5e2f5530762bc71033a0d242d05311d5f330b173d4a5a05966643e70bb9daf26c24a34d7f33bfccb1a72095e8f2de6e9f008e95fd0ca5d6d28c",
            "directory_permission": "0777",
            "file_permission": "0777",
            "filename": "/home/subha/Desktop/AWS\u0026DEV/terraform/terraform-day2/terraform-variables/devops_automated.txt",
            "id": "2183290655a350f86091f1b0cc0a1b8f30caf3ea",
            "sensitive_content": null,
            "source": null
          },
          "sensitive_attributes": []
        }
      ]
    }
  ],
  "check_results": null
}
